
Microsoft Visual Studio Solution File, Format Version 12.00
# Visual Studio Version 17
VisualStudioVersion = 17.14.36717.8
MinimumVisualStudioVersion = 10.0.40219.1
Project("{FAE04EC0-301F-11D3-BF4B-00C04F79EFBC}") = "StudentManagement", "StudentManagement\StudentManagement.csproj", "{813D1D5E-1C9B-4CAF-8685-4149A0F853D1}"
EndProject
Project("{FAE04EC0-301F-11D3-BF4B-00C04F79EFBC}") = "DapperExample", "Dapper\DapperExample.csproj", "{3C213981-D592-4DEE-9B2D-99057E977E88}"
EndProject
Project("{FAE04EC0-301F-11D3-BF4B-00C04F79EFBC}") = "EFcoreExample", "EFcoreExample\EFcoreExample.csproj", "{7B2FB760-777F-4AC0-992C-B869758FBDD0}"
EndProject
Project("{FAE04EC0-301F-11D3-BF4B-00C04F79EFBC}") = "DatabaseFirstExample", "DatabaseFirstExample\DatabaseFirstExample.csproj", "{63CB2B7F-C3F3-463E-8ED9-535C8087265C}"
EndProject
Project("{FAE04EC0-301F-11D3-BF4B-00C04F79EFBC}") = "Student.Database", "Student.Database\Student.Database.csproj", "{3FF99D11-D15F-465F-9BEC-9E3BFC7EFAA7}"
EndProject
Project("{2150E333-8FDC-42A3-9474-1A3956D46DE8}") = "ASP.net Core Web API", "ASP.net Core Web API", "{02EA681E-C7D8-13C7-8484-4AC65E1B71E8}"
EndProject
Project("{FAE04EC0-301F-11D3-BF4B-00C04F79EFBC}") = "Student.WebAPI", "Student.WebAPI\Student.WebAPI.csproj", "{03F7CE95-EB8B-4106-86BE-ECBFCC861BA1}"
EndProject
Project("{2150E333-8FDC-42A3-9474-1A3956D46DE8}") = "ASP.net Core Web API using Ado.Net", "ASP.net Core Web API using Ado.Net", "{B2D996B1-2911-48F6-8707-D1A3AB7A8EB6}"
EndProject
Project("{FAE04EC0-301F-11D3-BF4B-00C04F79EFBC}") = "AdoDotNetAPI", "AdoDotNetAPI\AdoDotNetAPI.csproj", "{3727DC51-52DD-4CA4-84D9-6FE578937A31}"
EndProject
Project("{2150E333-8FDC-42A3-9474-1A3956D46DE8}") = "ASP.net Core Web API using Dapper", "ASP.net Core Web API using Dapper", "{1B926EA6-40FA-42E9-9598-836DBA63243D}"
EndProject
Project("{FAE04EC0-301F-11D3-BF4B-00C04F79EFBC}") = "DapperAPI", "DapperAPI\DapperAPI.csproj", "{2A4D72FF-BE6E-4B50-BEEA-96F8A9556D03}"
EndProject
Project("{2150E333-8FDC-42A3-9474-1A3956D46DE8}") = "ASP.Net Core Web API using Separate ADO.Net Service", "ASP.Net Core Web API using Separate ADO.Net Service", "{90F8F230-1987-4EDF-BE20-313535F84E25}"
EndProject
Project("{FAE04EC0-301F-11D3-BF4B-00C04F79EFBC}") = "StudentAPI", "StudentAPI\StudentAPI.csproj", "{BE658071-8160-47B8-9AB7-9D78A64FFCEA}"
EndProject
Project("{2150E333-8FDC-42A3-9474-1A3956D46DE8}") = "Minimal API with ADO.NET", "Minimal API with ADO.NET", "{D7B9750B-6966-4923-A899-8676346A7D53}"
EndProject
Project("{FAE04EC0-301F-11D3-BF4B-00C04F79EFBC}") = "MinimalAPIwithAdoDotNet", "MinimalAPIwithAdoDotNet\MinimalAPIwithAdoDotNet.csproj", "{B6A24F3E-5E45-441F-BF90-64E4F6327508}"
EndProject
Project("{2150E333-8FDC-42A3-9474-1A3956D46DE8}") = "Minimal API with Dapper", "Minimal API with Dapper", "{0C1F07C2-561F-445A-8EE3-881C1A66C01F}"
EndProject
Project("{FAE04EC0-301F-11D3-BF4B-00C04F79EFBC}") = "DapperMinimalAPI", "DapperMinimalAPI\DapperMinimalAPI.csproj", "{034B049C-518A-4A61-9CE6-4F92FB4135C0}"
EndProject
Project("{2150E333-8FDC-42A3-9474-1A3956D46DE8}") = "Minimal API with EFcore", "Minimal API with EFcore", "{5BEAC501-6665-4660-9D67-CA84726BF65E}"
EndProject
Project("{FAE04EC0-301F-11D3-BF4B-00C04F79EFBC}") = "EFcoreMinimalAPI", "EFcoreMinimalAPI\EFcoreMinimalAPI.csproj", "{92B7B75A-AE9D-4E13-9B53-A505C21C7F0A}"
EndProject
Project("{2150E333-8FDC-42A3-9474-1A3956D46DE8}") = "BaseResponse & Result Pattern using Dapper", "BaseResponse & Result Pattern using Dapper", "{B453BB43-BE92-4944-9D68-E87DEEA9D8F0}"
EndProject
Project("{FAE04EC0-301F-11D3-BF4B-00C04F79EFBC}") = "StudentDapperAPI", "StudentDapperAPI\StudentDapperAPI.csproj", "{51B9E2CF-62FA-4B62-8533-F1EB0AAE40F0}"
EndProject
Project("{2150E333-8FDC-42A3-9474-1A3956D46DE8}") = "HttpClient", "HttpClient", "{D4D895C9-E4D8-4E1D-A326-CB7DDC8FD70A}"
EndProject
Project("{FAE04EC0-301F-11D3-BF4B-00C04F79EFBC}") = "HttpClientExample", "HttpClientExample\HttpClientExample.csproj", "{C706ABF0-389B-4A96-AB4B-B54D82EF2CD3}"
EndProject
Project("{FAE04EC0-301F-11D3-BF4B-00C04F79EFBC}") = "CsharpDotNet.shared", "CsharpDotNet.shared\CsharpDotNet.shared.csproj", "{C26498A0-7D6A-4873-AE0E-F64E72064622}"
EndProject
Project("{2150E333-8FDC-42A3-9474-1A3956D46DE8}") = "TodoAPI", "TodoAPI", "{BD16EBA6-A02F-4983-9103-DF18486BE4EE}"
EndProject
Project("{FAE04EC0-301F-11D3-BF4B-00C04F79EFBC}") = "MyTodoAPI", "MyTodoAPI\MyTodoAPI.csproj", "{AF87BE5F-9D3F-45D5-AE0A-E59DC733EC7D}"
EndProject
Project("{2150E333-8FDC-42A3-9474-1A3956D46DE8}") = "RestClient", "RestClient", "{0499BFD9-6372-4D50-804B-0AA09CCFF9E3}"
EndProject
Project("{FAE04EC0-301F-11D3-BF4B-00C04F79EFBC}") = "RestClientExample", "RestClientExample\RestClientExample.csproj", "{AA7C68D5-A927-4901-9504-AB7D9517A40C}"
EndProject
Project("{2150E333-8FDC-42A3-9474-1A3956D46DE8}") = "Refit", "Refit", "{208C1F79-F9EC-4C6E-8899-FE2C48C6BD6B}"
EndProject
Project("{FAE04EC0-301F-11D3-BF4B-00C04F79EFBC}") = "RefitExample", "RefitExample\RefitExample.csproj", "{CFCABBA3-A1B3-4B7C-B5D5-CEBC17245E5F}"
EndProject
Global
	GlobalSection(SolutionConfigurationPlatforms) = preSolution
		Debug|Any CPU = Debug|Any CPU
		Release|Any CPU = Release|Any CPU
	EndGlobalSection
	GlobalSection(ProjectConfigurationPlatforms) = postSolution
		{813D1D5E-1C9B-4CAF-8685-4149A0F853D1}.Debug|Any CPU.ActiveCfg = Debug|Any CPU
		{813D1D5E-1C9B-4CAF-8685-4149A0F853D1}.Debug|Any CPU.Build.0 = Debug|Any CPU
		{813D1D5E-1C9B-4CAF-8685-4149A0F853D1}.Release|Any CPU.ActiveCfg = Release|Any CPU
		{813D1D5E-1C9B-4CAF-8685-4149A0F853D1}.Release|Any CPU.Build.0 = Release|Any CPU
		{3C213981-D592-4DEE-9B2D-99057E977E88}.Debug|Any CPU.ActiveCfg = Debug|Any CPU
		{3C213981-D592-4DEE-9B2D-99057E977E88}.Debug|Any CPU.Build.0 = Debug|Any CPU
		{3C213981-D592-4DEE-9B2D-99057E977E88}.Release|Any CPU.ActiveCfg = Release|Any CPU
		{3C213981-D592-4DEE-9B2D-99057E977E88}.Release|Any CPU.Build.0 = Release|Any CPU
		{7B2FB760-777F-4AC0-992C-B869758FBDD0}.Debug|Any CPU.ActiveCfg = Debug|Any CPU
		{7B2FB760-777F-4AC0-992C-B869758FBDD0}.Debug|Any CPU.Build.0 = Debug|Any CPU
		{7B2FB760-777F-4AC0-992C-B869758FBDD0}.Release|Any CPU.ActiveCfg = Release|Any CPU
		{7B2FB760-777F-4AC0-992C-B869758FBDD0}.Release|Any CPU.Build.0 = Release|Any CPU
		{63CB2B7F-C3F3-463E-8ED9-535C8087265C}.Debug|Any CPU.ActiveCfg = Debug|Any CPU
		{63CB2B7F-C3F3-463E-8ED9-535C8087265C}.Debug|Any CPU.Build.0 = Debug|Any CPU
		{63CB2B7F-C3F3-463E-8ED9-535C8087265C}.Release|Any CPU.ActiveCfg = Release|Any CPU
		{63CB2B7F-C3F3-463E-8ED9-535C8087265C}.Release|Any CPU.Build.0 = Release|Any CPU
		{3FF99D11-D15F-465F-9BEC-9E3BFC7EFAA7}.Debug|Any CPU.ActiveCfg = Debug|Any CPU
		{3FF99D11-D15F-465F-9BEC-9E3BFC7EFAA7}.Debug|Any CPU.Build.0 = Debug|Any CPU
		{3FF99D11-D15F-465F-9BEC-9E3BFC7EFAA7}.Release|Any CPU.ActiveCfg = Release|Any CPU
		{3FF99D11-D15F-465F-9BEC-9E3BFC7EFAA7}.Release|Any CPU.Build.0 = Release|Any CPU
		{03F7CE95-EB8B-4106-86BE-ECBFCC861BA1}.Debug|Any CPU.ActiveCfg = Debug|Any CPU
		{03F7CE95-EB8B-4106-86BE-ECBFCC861BA1}.Debug|Any CPU.Build.0 = Debug|Any CPU
		{03F7CE95-EB8B-4106-86BE-ECBFCC861BA1}.Release|Any CPU.ActiveCfg = Release|Any CPU
		{03F7CE95-EB8B-4106-86BE-ECBFCC861BA1}.Release|Any CPU.Build.0 = Release|Any CPU
		{3727DC51-52DD-4CA4-84D9-6FE578937A31}.Debug|Any CPU.ActiveCfg = Debug|Any CPU
		{3727DC51-52DD-4CA4-84D9-6FE578937A31}.Debug|Any CPU.Build.0 = Debug|Any CPU
		{3727DC51-52DD-4CA4-84D9-6FE578937A31}.Release|Any CPU.ActiveCfg = Release|Any CPU
		{3727DC51-52DD-4CA4-84D9-6FE578937A31}.Release|Any CPU.Build.0 = Release|Any CPU
		{2A4D72FF-BE6E-4B50-BEEA-96F8A9556D03}.Debug|Any CPU.ActiveCfg = Debug|Any CPU
		{2A4D72FF-BE6E-4B50-BEEA-96F8A9556D03}.Debug|Any CPU.Build.0 = Debug|Any CPU
		{2A4D72FF-BE6E-4B50-BEEA-96F8A9556D03}.Release|Any CPU.ActiveCfg = Release|Any CPU
		{2A4D72FF-BE6E-4B50-BEEA-96F8A9556D03}.Release|Any CPU.Build.0 = Release|Any CPU
		{BE658071-8160-47B8-9AB7-9D78A64FFCEA}.Debug|Any CPU.ActiveCfg = Debug|Any CPU
		{BE658071-8160-47B8-9AB7-9D78A64FFCEA}.Debug|Any CPU.Build.0 = Debug|Any CPU
		{BE658071-8160-47B8-9AB7-9D78A64FFCEA}.Release|Any CPU.ActiveCfg = Release|Any CPU
		{BE658071-8160-47B8-9AB7-9D78A64FFCEA}.Release|Any CPU.Build.0 = Release|Any CPU
		{B6A24F3E-5E45-441F-BF90-64E4F6327508}.Debug|Any CPU.ActiveCfg = Debug|Any CPU
		{B6A24F3E-5E45-441F-BF90-64E4F6327508}.Debug|Any CPU.Build.0 = Debug|Any CPU
		{B6A24F3E-5E45-441F-BF90-64E4F6327508}.Release|Any CPU.ActiveCfg = Release|Any CPU
		{B6A24F3E-5E45-441F-BF90-64E4F6327508}.Release|Any CPU.Build.0 = Release|Any CPU
		{034B049C-518A-4A61-9CE6-4F92FB4135C0}.Debug|Any CPU.ActiveCfg = Debug|Any CPU
		{034B049C-518A-4A61-9CE6-4F92FB4135C0}.Debug|Any CPU.Build.0 = Debug|Any CPU
		{034B049C-518A-4A61-9CE6-4F92FB4135C0}.Release|Any CPU.ActiveCfg = Release|Any CPU
		{034B049C-518A-4A61-9CE6-4F92FB4135C0}.Release|Any CPU.Build.0 = Release|Any CPU
		{92B7B75A-AE9D-4E13-9B53-A505C21C7F0A}.Debug|Any CPU.ActiveCfg = Debug|Any CPU
		{92B7B75A-AE9D-4E13-9B53-A505C21C7F0A}.Debug|Any CPU.Build.0 = Debug|Any CPU
		{92B7B75A-AE9D-4E13-9B53-A505C21C7F0A}.Release|Any CPU.ActiveCfg = Release|Any CPU
		{92B7B75A-AE9D-4E13-9B53-A505C21C7F0A}.Release|Any CPU.Build.0 = Release|Any CPU
		{51B9E2CF-62FA-4B62-8533-F1EB0AAE40F0}.Debug|Any CPU.ActiveCfg = Debug|Any CPU
		{51B9E2CF-62FA-4B62-8533-F1EB0AAE40F0}.Debug|Any CPU.Build.0 = Debug|Any CPU
		{51B9E2CF-62FA-4B62-8533-F1EB0AAE40F0}.Release|Any CPU.ActiveCfg = Release|Any CPU
		{51B9E2CF-62FA-4B62-8533-F1EB0AAE40F0}.Release|Any CPU.Build.0 = Release|Any CPU
		{C706ABF0-389B-4A96-AB4B-B54D82EF2CD3}.Debug|Any CPU.ActiveCfg = Debug|Any CPU
		{C706ABF0-389B-4A96-AB4B-B54D82EF2CD3}.Debug|Any CPU.Build.0 = Debug|Any CPU
		{C706ABF0-389B-4A96-AB4B-B54D82EF2CD3}.Release|Any CPU.ActiveCfg = Release|Any CPU
		{C706ABF0-389B-4A96-AB4B-B54D82EF2CD3}.Release|Any CPU.Build.0 = Release|Any CPU
		{C26498A0-7D6A-4873-AE0E-F64E72064622}.Debug|Any CPU.ActiveCfg = Debug|Any CPU
		{C26498A0-7D6A-4873-AE0E-F64E72064622}.Debug|Any CPU.Build.0 = Debug|Any CPU
		{C26498A0-7D6A-4873-AE0E-F64E72064622}.Release|Any CPU.ActiveCfg = Release|Any CPU
		{C26498A0-7D6A-4873-AE0E-F64E72064622}.Release|Any CPU.Build.0 = Release|Any CPU
		{AF87BE5F-9D3F-45D5-AE0A-E59DC733EC7D}.Debug|Any CPU.ActiveCfg = Debug|Any CPU
		{AF87BE5F-9D3F-45D5-AE0A-E59DC733EC7D}.Debug|Any CPU.Build.0 = Debug|Any CPU
		{AF87BE5F-9D3F-45D5-AE0A-E59DC733EC7D}.Release|Any CPU.ActiveCfg = Release|Any CPU
		{AF87BE5F-9D3F-45D5-AE0A-E59DC733EC7D}.Release|Any CPU.Build.0 = Release|Any CPU
		{AA7C68D5-A927-4901-9504-AB7D9517A40C}.Debug|Any CPU.ActiveCfg = Debug|Any CPU
		{AA7C68D5-A927-4901-9504-AB7D9517A40C}.Debug|Any CPU.Build.0 = Debug|Any CPU
		{AA7C68D5-A927-4901-9504-AB7D9517A40C}.Release|Any CPU.ActiveCfg = Release|Any CPU
		{AA7C68D5-A927-4901-9504-AB7D9517A40C}.Release|Any CPU.Build.0 = Release|Any CPU
		{CFCABBA3-A1B3-4B7C-B5D5-CEBC17245E5F}.Debug|Any CPU.ActiveCfg = Debug|Any CPU
		{CFCABBA3-A1B3-4B7C-B5D5-CEBC17245E5F}.Debug|Any CPU.Build.0 = Debug|Any CPU
		{CFCABBA3-A1B3-4B7C-B5D5-CEBC17245E5F}.Release|Any CPU.ActiveCfg = Release|Any CPU
		{CFCABBA3-A1B3-4B7C-B5D5-CEBC17245E5F}.Release|Any CPU.Build.0 = Release|Any CPU
	EndGlobalSection
	GlobalSection(SolutionProperties) = preSolution
		HideSolutionNode = FALSE
	EndGlobalSection
	GlobalSection(NestedProjects) = preSolution
		{3FF99D11-D15F-465F-9BEC-9E3BFC7EFAA7} = {02EA681E-C7D8-13C7-8484-4AC65E1B71E8}
		{03F7CE95-EB8B-4106-86BE-ECBFCC861BA1} = {02EA681E-C7D8-13C7-8484-4AC65E1B71E8}
		{3727DC51-52DD-4CA4-84D9-6FE578937A31} = {B2D996B1-2911-48F6-8707-D1A3AB7A8EB6}
		{2A4D72FF-BE6E-4B50-BEEA-96F8A9556D03} = {1B926EA6-40FA-42E9-9598-836DBA63243D}
		{BE658071-8160-47B8-9AB7-9D78A64FFCEA} = {90F8F230-1987-4EDF-BE20-313535F84E25}
		{B6A24F3E-5E45-441F-BF90-64E4F6327508} = {D7B9750B-6966-4923-A899-8676346A7D53}
		{034B049C-518A-4A61-9CE6-4F92FB4135C0} = {0C1F07C2-561F-445A-8EE3-881C1A66C01F}
		{92B7B75A-AE9D-4E13-9B53-A505C21C7F0A} = {5BEAC501-6665-4660-9D67-CA84726BF65E}
		{51B9E2CF-62FA-4B62-8533-F1EB0AAE40F0} = {B453BB43-BE92-4944-9D68-E87DEEA9D8F0}
		{C706ABF0-389B-4A96-AB4B-B54D82EF2CD3} = {D4D895C9-E4D8-4E1D-A326-CB7DDC8FD70A}
		{AF87BE5F-9D3F-45D5-AE0A-E59DC733EC7D} = {BD16EBA6-A02F-4983-9103-DF18486BE4EE}
		{AA7C68D5-A927-4901-9504-AB7D9517A40C} = {0499BFD9-6372-4D50-804B-0AA09CCFF9E3}
		{CFCABBA3-A1B3-4B7C-B5D5-CEBC17245E5F} = {208C1F79-F9EC-4C6E-8899-FE2C48C6BD6B}
	EndGlobalSection
	GlobalSection(ExtensibilityGlobals) = postSolution
		SolutionGuid = {5A306BA8-AEB9-40CF-BA42-E7DDDE24CB18}
	EndGlobalSection
EndGlobal
