
Microsoft Visual Studio Solution File, Format Version 12.00
# Visual Studio Version 17
VisualStudioVersion = 17.14.36717.8
MinimumVisualStudioVersion = 10.0.40219.1
Project("{FAE04EC0-301F-11D3-BF4B-00C04F79EFBC}") = "StudentManagement", "StudentManagement\StudentManagement.csproj", "{813D1D5E-1C9B-4CAF-8685-4149A0F853D1}"
EndProject
Project("{FAE04EC0-301F-11D3-BF4B-00C04F79EFBC}") = "DapperExample", "Dapper\DapperExample.csproj", "{3C213981-D592-4DEE-9B2D-99057E977E88}"
EndProject
Project("{FAE04EC0-301F-11D3-BF4B-00C04F79EFBC}") = "EFcoreExample", "EFcoreExample\EFcoreExample.csproj", "{7B2FB760-777F-4AC0-992C-B869758FBDD0}"
EndProject
Project("{FAE04EC0-301F-11D3-BF4B-00C04F79EFBC}") = "DatabaseFirstExample", "DatabaseFirstExample\DatabaseFirstExample.csproj", "{63CB2B7F-C3F3-463E-8ED9-535C8087265C}"
EndProject
Project("{FAE04EC0-301F-11D3-BF4B-00C04F79EFBC}") = "Student.Database", "Student.Database\Student.Database.csproj", "{3FF99D11-D15F-465F-9BEC-9E3BFC7EFAA7}"
EndProject
Project("{2150E333-8FDC-42A3-9474-1A3956D46DE8}") = "ASP.net Core Web API", "ASP.net Core Web API", "{02EA681E-C7D8-13C7-8484-4AC65E1B71E8}"
EndProject
Project("{FAE04EC0-301F-11D3-BF4B-00C04F79EFBC}") = "Student.WebAPI", "Student.WebAPI\Student.WebAPI.csproj", "{03F7CE95-EB8B-4106-86BE-ECBFCC861BA1}"
EndProject
Project("{2150E333-8FDC-42A3-9474-1A3956D46DE8}") = "ASP.net Core Web API using Ado.Net", "ASP.net Core Web API using Ado.Net", "{B2D996B1-2911-48F6-8707-D1A3AB7A8EB6}"
EndProject
Project("{FAE04EC0-301F-11D3-BF4B-00C04F79EFBC}") = "AdoDotNetAPI", "AdoDotNetAPI\AdoDotNetAPI.csproj", "{3727DC51-52DD-4CA4-84D9-6FE578937A31}"
EndProject
Global
	GlobalSection(SolutionConfigurationPlatforms) = preSolution
		Debug|Any CPU = Debug|Any CPU
		Release|Any CPU = Release|Any CPU
	EndGlobalSection
	GlobalSection(ProjectConfigurationPlatforms) = postSolution
		{813D1D5E-1C9B-4CAF-8685-4149A0F853D1}.Debug|Any CPU.ActiveCfg = Debug|Any CPU
		{813D1D5E-1C9B-4CAF-8685-4149A0F853D1}.Debug|Any CPU.Build.0 = Debug|Any CPU
		{813D1D5E-1C9B-4CAF-8685-4149A0F853D1}.Release|Any CPU.ActiveCfg = Release|Any CPU
		{813D1D5E-1C9B-4CAF-8685-4149A0F853D1}.Release|Any CPU.Build.0 = Release|Any CPU
		{3C213981-D592-4DEE-9B2D-99057E977E88}.Debug|Any CPU.ActiveCfg = Debug|Any CPU
		{3C213981-D592-4DEE-9B2D-99057E977E88}.Debug|Any CPU.Build.0 = Debug|Any CPU
		{3C213981-D592-4DEE-9B2D-99057E977E88}.Release|Any CPU.ActiveCfg = Release|Any CPU
		{3C213981-D592-4DEE-9B2D-99057E977E88}.Release|Any CPU.Build.0 = Release|Any CPU
		{7B2FB760-777F-4AC0-992C-B869758FBDD0}.Debug|Any CPU.ActiveCfg = Debug|Any CPU
		{7B2FB760-777F-4AC0-992C-B869758FBDD0}.Debug|Any CPU.Build.0 = Debug|Any CPU
		{7B2FB760-777F-4AC0-992C-B869758FBDD0}.Release|Any CPU.ActiveCfg = Release|Any CPU
		{7B2FB760-777F-4AC0-992C-B869758FBDD0}.Release|Any CPU.Build.0 = Release|Any CPU
		{63CB2B7F-C3F3-463E-8ED9-535C8087265C}.Debug|Any CPU.ActiveCfg = Debug|Any CPU
		{63CB2B7F-C3F3-463E-8ED9-535C8087265C}.Debug|Any CPU.Build.0 = Debug|Any CPU
		{63CB2B7F-C3F3-463E-8ED9-535C8087265C}.Release|Any CPU.ActiveCfg = Release|Any CPU
		{63CB2B7F-C3F3-463E-8ED9-535C8087265C}.Release|Any CPU.Build.0 = Release|Any CPU
		{3FF99D11-D15F-465F-9BEC-9E3BFC7EFAA7}.Debug|Any CPU.ActiveCfg = Debug|Any CPU
		{3FF99D11-D15F-465F-9BEC-9E3BFC7EFAA7}.Debug|Any CPU.Build.0 = Debug|Any CPU
		{3FF99D11-D15F-465F-9BEC-9E3BFC7EFAA7}.Release|Any CPU.ActiveCfg = Release|Any CPU
		{3FF99D11-D15F-465F-9BEC-9E3BFC7EFAA7}.Release|Any CPU.Build.0 = Release|Any CPU
		{03F7CE95-EB8B-4106-86BE-ECBFCC861BA1}.Debug|Any CPU.ActiveCfg = Debug|Any CPU
		{03F7CE95-EB8B-4106-86BE-ECBFCC861BA1}.Debug|Any CPU.Build.0 = Debug|Any CPU
		{03F7CE95-EB8B-4106-86BE-ECBFCC861BA1}.Release|Any CPU.ActiveCfg = Release|Any CPU
		{03F7CE95-EB8B-4106-86BE-ECBFCC861BA1}.Release|Any CPU.Build.0 = Release|Any CPU
		{3727DC51-52DD-4CA4-84D9-6FE578937A31}.Debug|Any CPU.ActiveCfg = Debug|Any CPU
		{3727DC51-52DD-4CA4-84D9-6FE578937A31}.Debug|Any CPU.Build.0 = Debug|Any CPU
		{3727DC51-52DD-4CA4-84D9-6FE578937A31}.Release|Any CPU.ActiveCfg = Release|Any CPU
		{3727DC51-52DD-4CA4-84D9-6FE578937A31}.Release|Any CPU.Build.0 = Release|Any CPU
	EndGlobalSection
	GlobalSection(SolutionProperties) = preSolution
		HideSolutionNode = FALSE
	EndGlobalSection
	GlobalSection(NestedProjects) = preSolution
		{3FF99D11-D15F-465F-9BEC-9E3BFC7EFAA7} = {02EA681E-C7D8-13C7-8484-4AC65E1B71E8}
		{03F7CE95-EB8B-4106-86BE-ECBFCC861BA1} = {02EA681E-C7D8-13C7-8484-4AC65E1B71E8}
		{3727DC51-52DD-4CA4-84D9-6FE578937A31} = {B2D996B1-2911-48F6-8707-D1A3AB7A8EB6}
	EndGlobalSection
	GlobalSection(ExtensibilityGlobals) = postSolution
		SolutionGuid = {5A306BA8-AEB9-40CF-BA42-E7DDDE24CB18}
	EndGlobalSection
EndGlobal
